
Microsoft Visual Studio Solution File, Format Version 12.00
# Visual Studio 15
VisualStudioVersion = 15.0.28307.852
MinimumVisualStudioVersion = 10.0.40219.1
Project("{FAE04EC0-301F-11D3-BF4B-00C04F79EFBC}") = "NewApplication", "NewApplication\NewApplication.csproj", "{5BA68B34-965E-48C7-A5E4-93013994CDB4}"
EndProject
Project("{2150E333-8FDC-42A3-9474-1A3956D46DE8}") = "Solution Items", "Solution Items", "{3DCC4C3D-5C29-4F86-A570-221C0A7CA9D3}"
EndProject
Global
	GlobalSection(SolutionConfigurationPlatforms) = preSolution
		Debug|Any CPU = Debug|Any CPU
		Release|Any CPU = Release|Any CPU
	EndGlobalSection
	GlobalSection(ProjectConfigurationPlatforms) = postSolution
		{5BA68B34-965E-48C7-A5E4-93013994CDB4}.Debug|Any CPU.ActiveCfg = Debug|Any CPU
		{5BA68B34-965E-48C7-A5E4-93013994CDB4}.Debug|Any CPU.Build.0 = Debug|Any CPU
		{5BA68B34-965E-48C7-A5E4-93013994CDB4}.Release|Any CPU.ActiveCfg = Release|Any CPU
		{5BA68B34-965E-48C7-A5E4-93013994CDB4}.Release|Any CPU.Build.0 = Release|Any CPU
	EndGlobalSection
	GlobalSection(SolutionProperties) = preSolution
		HideSolutionNode = FALSE
	EndGlobalSection
	GlobalSection(ExtensibilityGlobals) = postSolution
		SolutionGuid = {34352B3F-5548-4670-AD94-C936F6C8F626}
	EndGlobalSection
EndGlobal
